
Microsoft Visual Studio Solution File, Format Version 12.00
# Visual Studio Version 17
VisualStudioVersion = 17.8.34525.116
MinimumVisualStudioVersion = 10.0.40219.1
Project("{FAE04EC0-301F-11D3-BF4B-00C04F79EFBC}") = "3_01", "3_01\3_01.csproj", "{37BD4B0F-1781-410F-86CF-6A4C21166550}"
EndProject
Global
	GlobalSection(SolutionConfigurationPlatforms) = preSolution
		Debug|Any CPU = Debug|Any CPU
		Release|Any CPU = Release|Any CPU
	EndGlobalSection
	GlobalSection(ProjectConfigurationPlatforms) = postSolution
		{37BD4B0F-1781-410F-86CF-6A4C21166550}.Debug|Any CPU.ActiveCfg = Debug|Any CPU
		{37BD4B0F-1781-410F-86CF-6A4C21166550}.Debug|Any CPU.Build.0 = Debug|Any CPU
		{37BD4B0F-1781-410F-86CF-6A4C21166550}.Release|Any CPU.ActiveCfg = Release|Any CPU
		{37BD4B0F-1781-410F-86CF-6A4C21166550}.Release|Any CPU.Build.0 = Release|Any CPU
	EndGlobalSection
	GlobalSection(SolutionProperties) = preSolution
		HideSolutionNode = FALSE
	EndGlobalSection
	GlobalSection(ExtensibilityGlobals) = postSolution
		SolutionGuid = {4513A488-42B4-47A7-A5F3-5C0DEC3DB66D}
	EndGlobalSection
EndGlobal
